
Microsoft Visual Studio Solution File, Format Version 12.00
# Visual Studio Version 16
VisualStudioVersion = 16.0.31321.278
MinimumVisualStudioVersion = 10.0.40219.1
Project("{FAE04EC0-301F-11D3-BF4B-00C04F79EFBC}") = "FormativeAssessment3", "FormativeAssessment3\FormativeAssessment3.csproj", "{E0A18724-6B74-4C39-A5F9-484EDCD98A18}"
EndProject
Global
	GlobalSection(SolutionConfigurationPlatforms) = preSolution
		Debug|Any CPU = Debug|Any CPU
		Release|Any CPU = Release|Any CPU
	EndGlobalSection
	GlobalSection(ProjectConfigurationPlatforms) = postSolution
		{E0A18724-6B74-4C39-A5F9-484EDCD98A18}.Debug|Any CPU.ActiveCfg = Debug|Any CPU
		{E0A18724-6B74-4C39-A5F9-484EDCD98A18}.Debug|Any CPU.Build.0 = Debug|Any CPU
		{E0A18724-6B74-4C39-A5F9-484EDCD98A18}.Release|Any CPU.ActiveCfg = Release|Any CPU
		{E0A18724-6B74-4C39-A5F9-484EDCD98A18}.Release|Any CPU.Build.0 = Release|Any CPU
	EndGlobalSection
	GlobalSection(SolutionProperties) = preSolution
		HideSolutionNode = FALSE
	EndGlobalSection
	GlobalSection(ExtensibilityGlobals) = postSolution
		SolutionGuid = {FF9F4418-51D6-492D-92A4-9971ECE646FE}
	EndGlobalSection
EndGlobal
